lockfileVersion: '9.0'

settings:
  autoInstallPeers: true
  excludeLinksFromLockfile: false

importers:

  .:
    dependencies:
      node-canvas:
        specifier: ^2
        version: 2.9.0

packages:

  node-canvas@2.9.0:
    resolution: {integrity: sha512-QYqBq9vm+hWrPyqRUyIRYlrWCWL8IysaDuvM79ZLx694ojctbpHQ4Iu45SZZYSBgiGtSuP2oil9ae1xQloeC9Q==}
    engines: {node: '>=6'}

snapshots:

  node-canvas@2.9.0: {}
